
Microsoft Visual Studio Solution File, Format Version 12.00
# Visual Studio Version 17
VisualStudioVersion = 17.9.34701.34
MinimumVisualStudioVersion = 10.0.40219.1
Project("{FAE04EC0-301F-11D3-BF4B-00C04F79EFBC}") = "DSS_BaiTapLon", "DSS_BaiTapLon.csproj", "{D1AF0BAA-DDD8-427A-A8EC-8A6C696A27FF}"
EndProject
Global
	GlobalSection(SolutionConfigurationPlatforms) = preSolution
		Debug|Any CPU = Debug|Any CPU
		Release|Any CPU = Release|Any CPU
	EndGlobalSection
	GlobalSection(ProjectConfigurationPlatforms) = postSolution
		{D1AF0BAA-DDD8-427A-A8EC-8A6C696A27FF}.Debug|Any CPU.ActiveCfg = Debug|Any CPU
		{D1AF0BAA-DDD8-427A-A8EC-8A6C696A27FF}.Debug|Any CPU.Build.0 = Debug|Any CPU
		{D1AF0BAA-DDD8-427A-A8EC-8A6C696A27FF}.Release|Any CPU.ActiveCfg = Release|Any CPU
		{D1AF0BAA-DDD8-427A-A8EC-8A6C696A27FF}.Release|Any CPU.Build.0 = Release|Any CPU
	EndGlobalSection
	GlobalSection(SolutionProperties) = preSolution
		HideSolutionNode = FALSE
	EndGlobalSection
	GlobalSection(ExtensibilityGlobals) = postSolution
		SolutionGuid = {CD56F97E-72A0-42CC-AB06-5F0EA184CA35}
	EndGlobalSection
EndGlobal
